
Microsoft Visual Studio Solution File, Format Version 12.00
# Visual Studio Version 17
VisualStudioVersion = 17.7.34018.315
MinimumVisualStudioVersion = 10.0.40219.1
Project("{9A19103F-16F7-4668-BE54-9A1E7A4F7556}") = "SuperHeroApi", "SuperHeroApi.csproj", "{EC583AB9-9525-4095-991E-45AFD5C7626E}"
EndProject
Project("{2150E333-8FDC-42A3-9474-1A3956D46DE8}") = "Solution Items", "Solution Items", "{E0D433EB-4CC5-4B3E-B292-32F8A5F26953}"
	ProjectSection(SolutionItems) = preProject
		.editorconfig = .editorconfig
	EndProjectSection
EndProject
Global
	GlobalSection(SolutionConfigurationPlatforms) = preSolution
		Debug|Any CPU = Debug|Any CPU
		Release|Any CPU = Release|Any CPU
	EndGlobalSection
	GlobalSection(ProjectConfigurationPlatforms) = postSolution
		{EC583AB9-9525-4095-991E-45AFD5C7626E}.Debug|Any CPU.ActiveCfg = Debug|Any CPU
		{EC583AB9-9525-4095-991E-45AFD5C7626E}.Debug|Any CPU.Build.0 = Debug|Any CPU
		{EC583AB9-9525-4095-991E-45AFD5C7626E}.Release|Any CPU.ActiveCfg = Release|Any CPU
		{EC583AB9-9525-4095-991E-45AFD5C7626E}.Release|Any CPU.Build.0 = Release|Any CPU
	EndGlobalSection
	GlobalSection(SolutionProperties) = preSolution
		HideSolutionNode = FALSE
	EndGlobalSection
	GlobalSection(ExtensibilityGlobals) = postSolution
		SolutionGuid = {569A1ACC-5ABB-4BD1-9497-DD2AC99229F3}
	EndGlobalSection
EndGlobal
